
Microsoft Visual Studio Solution File, Format Version 12.00
# Visual Studio Version 17
VisualStudioVersion = 17.8.34330.188
MinimumVisualStudioVersion = 10.0.40219.1
Project("{FAE04EC0-301F-11D3-BF4B-00C04F79EFBC}") = "ctdisk", "ctdisk.csproj", "{CF357AEB-3E33-46EF-A2ED-C8CF89A09432}"
EndProject
Project("{FAE04EC0-301F-11D3-BF4B-00C04F79EFBC}") = "诚通网盘", "..\..\控制台项目\诚通网盘\诚通网盘.csproj", "{37A8C88B-73C3-4120-953D-2E42749A3385}"
EndProject
Project("{FAE04EC0-301F-11D3-BF4B-00C04F79EFBC}") = "城通下载器", "..\..\城通下载器\城通下载器.csproj", "{3EB55C37-832B-491B-AC28-CF5593C81C45}"
EndProject
Global
	GlobalSection(SolutionConfigurationPlatforms) = preSolution
		Debug|Any CPU = Debug|Any CPU
		Release|Any CPU = Release|Any CPU
	EndGlobalSection
	GlobalSection(ProjectConfigurationPlatforms) = postSolution
		{CF357AEB-3E33-46EF-A2ED-C8CF89A09432}.Debug|Any CPU.ActiveCfg = Debug|Any CPU
		{CF357AEB-3E33-46EF-A2ED-C8CF89A09432}.Debug|Any CPU.Build.0 = Debug|Any CPU
		{CF357AEB-3E33-46EF-A2ED-C8CF89A09432}.Release|Any CPU.ActiveCfg = Release|Any CPU
		{CF357AEB-3E33-46EF-A2ED-C8CF89A09432}.Release|Any CPU.Build.0 = Release|Any CPU
		{37A8C88B-73C3-4120-953D-2E42749A3385}.Debug|Any CPU.ActiveCfg = Debug|Any CPU
		{37A8C88B-73C3-4120-953D-2E42749A3385}.Debug|Any CPU.Build.0 = Debug|Any CPU
		{37A8C88B-73C3-4120-953D-2E42749A3385}.Release|Any CPU.ActiveCfg = Release|Any CPU
		{37A8C88B-73C3-4120-953D-2E42749A3385}.Release|Any CPU.Build.0 = Release|Any CPU
		{3EB55C37-832B-491B-AC28-CF5593C81C45}.Debug|Any CPU.ActiveCfg = Debug|Any CPU
		{3EB55C37-832B-491B-AC28-CF5593C81C45}.Debug|Any CPU.Build.0 = Debug|Any CPU
		{3EB55C37-832B-491B-AC28-CF5593C81C45}.Release|Any CPU.ActiveCfg = Release|Any CPU
		{3EB55C37-832B-491B-AC28-CF5593C81C45}.Release|Any CPU.Build.0 = Release|Any CPU
	EndGlobalSection
	GlobalSection(SolutionProperties) = preSolution
		HideSolutionNode = FALSE
	EndGlobalSection
	GlobalSection(ExtensibilityGlobals) = postSolution
		SolutionGuid = {DF4A650E-EB79-497E-86DA-EEBFA020F808}
	EndGlobalSection
EndGlobal
